{
  "name": "nakama",
  "version": "1.0.0",
  "lockfileVersion": 3,
  "requires": true,
  "packages": {
    "": {
      "name": "nakama",
      "version": "1.0.0",
      "license": "ISC",
      "dependencies": {
        "nakama-runtime": "github:heroiclabs/nakama-common"
      },
      "devDependencies": {
        "typescript": "^5.4.5"
      }
    },
    "node_modules/nakama-runtime": {
      "version": "1.31.0",
      "resolved": "git+ssh://git@github.com/heroiclabs/nakama-common.git#33c0914a2728decb905b15cca52c6dca53218db8"
    },
    "node_modules/typescript": {
      "version": "5.4.5",
      "resolved": "https://registry.npmjs.org/typescript/-/typescript-5.4.5.tgz",
      "integrity": "sha512-vcI4UpRgg81oIRUFwR0WSIHKt11nJ7SAVlYNIu+QpqeyXP+gpQJy/Z4+F0aGxSE4MqwjyXvW/TzgkLAx2AGHwQ==",
      "dev": true,
      "bin": {
        "tsc": "bin/tsc",
        "tsserver": "bin/tsserver"
      },
      "engines": {
        "node": ">=14.17"
      }
    }
  }
}
